
Microsoft Visual Studio Solution File, Format Version 12.00
# Visual Studio Version 17
VisualStudioVersion = 17.8.34322.80
MinimumVisualStudioVersion = 10.0.40219.1
Project("{FAE04EC0-301F-11D3-BF4B-00C04F79EFBC}") = "WebApplication1", "WebApplication1.csproj", "{438365FC-BFEC-4D98-AA9D-DDB63A82A4C1}"
EndProject
Global
	GlobalSection(SolutionConfigurationPlatforms) = preSolution
		Debug|Any CPU = Debug|Any CPU
		Release|Any CPU = Release|Any CPU
	EndGlobalSection
	GlobalSection(ProjectConfigurationPlatforms) = postSolution
		{438365FC-BFEC-4D98-AA9D-DDB63A82A4C1}.Debug|Any CPU.ActiveCfg = Debug|Any CPU
		{438365FC-BFEC-4D98-AA9D-DDB63A82A4C1}.Debug|Any CPU.Build.0 = Debug|Any CPU
		{438365FC-BFEC-4D98-AA9D-DDB63A82A4C1}.Release|Any CPU.ActiveCfg = Release|Any CPU
		{438365FC-BFEC-4D98-AA9D-DDB63A82A4C1}.Release|Any CPU.Build.0 = Release|Any CPU
	EndGlobalSection
	GlobalSection(SolutionProperties) = preSolution
		HideSolutionNode = FALSE
	EndGlobalSection
	GlobalSection(ExtensibilityGlobals) = postSolution
		SolutionGuid = {7CDEB244-F838-4D0E-AE81-FFB92BFFB5E3}
	EndGlobalSection
EndGlobal
