
Microsoft Visual Studio Solution File, Format Version 12.00
# Visual Studio Version 17
VisualStudioVersion = 17.8.34316.72
MinimumVisualStudioVersion = 10.0.40219.1
Project("{FAE04EC0-301F-11D3-BF4B-00C04F79EFBC}") = "RabbitMQ.Publisher", "RabbitMQ.Publisher\RabbitMQ.Publisher.csproj", "{B56F9CA3-5992-409F-AE03-F3A3F47EDFCC}"
EndProject
Project("{FAE04EC0-301F-11D3-BF4B-00C04F79EFBC}") = "RabbitMQ.Consumer", "RabbitMQ.Consumer\RabbitMQ.Consumer.csproj", "{9B222D4D-A300-4200-BFF2-E1D2D3CDA4DC}"
EndProject
Global
	GlobalSection(SolutionConfigurationPlatforms) = preSolution
		Debug|Any CPU = Debug|Any CPU
		Release|Any CPU = Release|Any CPU
	EndGlobalSection
	GlobalSection(ProjectConfigurationPlatforms) = postSolution
		{B56F9CA3-5992-409F-AE03-F3A3F47EDFCC}.Debug|Any CPU.ActiveCfg = Debug|Any CPU
		{B56F9CA3-5992-409F-AE03-F3A3F47EDFCC}.Debug|Any CPU.Build.0 = Debug|Any CPU
		{B56F9CA3-5992-409F-AE03-F3A3F47EDFCC}.Release|Any CPU.ActiveCfg = Release|Any CPU
		{B56F9CA3-5992-409F-AE03-F3A3F47EDFCC}.Release|Any CPU.Build.0 = Release|Any CPU
		{9B222D4D-A300-4200-BFF2-E1D2D3CDA4DC}.Debug|Any CPU.ActiveCfg = Debug|Any CPU
		{9B222D4D-A300-4200-BFF2-E1D2D3CDA4DC}.Debug|Any CPU.Build.0 = Debug|Any CPU
		{9B222D4D-A300-4200-BFF2-E1D2D3CDA4DC}.Release|Any CPU.ActiveCfg = Release|Any CPU
		{9B222D4D-A300-4200-BFF2-E1D2D3CDA4DC}.Release|Any CPU.Build.0 = Release|Any CPU
	EndGlobalSection
	GlobalSection(SolutionProperties) = preSolution
		HideSolutionNode = FALSE
	EndGlobalSection
	GlobalSection(ExtensibilityGlobals) = postSolution
		SolutionGuid = {F50B8FC4-F79E-41D0-8695-DE731889B00F}
	EndGlobalSection
EndGlobal
