
Microsoft Visual Studio Solution File, Format Version 12.00
# Visual Studio Version 17
VisualStudioVersion = 17.7.34031.279
MinimumVisualStudioVersion = 10.0.40219.1
Project("{FAE04EC0-301F-11D3-BF4B-00C04F79EFBC}") = "DependencyInjection", "DependencyInjection.csproj", "{4AF9AFAC-AB70-405F-AF98-83D5C1CDE0A1}"
EndProject
Project("{FAE04EC0-301F-11D3-BF4B-00C04F79EFBC}") = "Application", "..\Application\Application.csproj", "{1022254E-0A22-4C01-A845-D481B7286BB3}"
EndProject
Project("{FAE04EC0-301F-11D3-BF4B-00C04F79EFBC}") = "Infrastructure", "..\Infrastructure\Infrastructure.csproj", "{D1C5839B-F432-4656-9217-EA5231B6A788}"
EndProject
Global
	GlobalSection(SolutionConfigurationPlatforms) = preSolution
		Debug|Any CPU = Debug|Any CPU
		Release|Any CPU = Release|Any CPU
	EndGlobalSection
	GlobalSection(ProjectConfigurationPlatforms) = postSolution
		{4AF9AFAC-AB70-405F-AF98-83D5C1CDE0A1}.Debug|Any CPU.ActiveCfg = Debug|Any CPU
		{4AF9AFAC-AB70-405F-AF98-83D5C1CDE0A1}.Debug|Any CPU.Build.0 = Debug|Any CPU
		{4AF9AFAC-AB70-405F-AF98-83D5C1CDE0A1}.Release|Any CPU.ActiveCfg = Release|Any CPU
		{4AF9AFAC-AB70-405F-AF98-83D5C1CDE0A1}.Release|Any CPU.Build.0 = Release|Any CPU
		{1022254E-0A22-4C01-A845-D481B7286BB3}.Debug|Any CPU.ActiveCfg = Debug|Any CPU
		{1022254E-0A22-4C01-A845-D481B7286BB3}.Debug|Any CPU.Build.0 = Debug|Any CPU
		{1022254E-0A22-4C01-A845-D481B7286BB3}.Release|Any CPU.ActiveCfg = Release|Any CPU
		{1022254E-0A22-4C01-A845-D481B7286BB3}.Release|Any CPU.Build.0 = Release|Any CPU
		{D1C5839B-F432-4656-9217-EA5231B6A788}.Debug|Any CPU.ActiveCfg = Debug|Any CPU
		{D1C5839B-F432-4656-9217-EA5231B6A788}.Debug|Any CPU.Build.0 = Debug|Any CPU
		{D1C5839B-F432-4656-9217-EA5231B6A788}.Release|Any CPU.ActiveCfg = Release|Any CPU
		{D1C5839B-F432-4656-9217-EA5231B6A788}.Release|Any CPU.Build.0 = Release|Any CPU
	EndGlobalSection
	GlobalSection(SolutionProperties) = preSolution
		HideSolutionNode = FALSE
	EndGlobalSection
	GlobalSection(ExtensibilityGlobals) = postSolution
		SolutionGuid = {04163A60-D1B9-4E95-B619-12FCCE7E806E}
	EndGlobalSection
EndGlobal
