
Microsoft Visual Studio Solution File, Format Version 12.00
# Visual Studio Version 17
VisualStudioVersion = 17.7.34221.43
MinimumVisualStudioVersion = 10.0.40219.1
Project("{9A19103F-16F7-4668-BE54-9A1E7A4F7556}") = "LiveSupportServer.Domain", "LiveSupportServer.Domain\LiveSupportServer.Domain.csproj", "{05FC6F91-C556-49EA-84F5-006BBB85DA7A}"
EndProject
Project("{FAE04EC0-301F-11D3-BF4B-00C04F79EFBC}") = "LiveSupportServer.Application", "LiveSupportServer.Application\LiveSupportServer.Application.csproj", "{5054073D-04EC-41DA-A090-6AB60C010148}"
EndProject
Project("{FAE04EC0-301F-11D3-BF4B-00C04F79EFBC}") = "LiveSupportServer.ExampleConsoleApp", "LiveSupportServer.ExampleConsoleApp\LiveSupportServer.ExampleConsoleApp.csproj", "{FD643A00-3762-4BF8-81F3-FD06E640126A}"
EndProject
Project("{FAE04EC0-301F-11D3-BF4B-00C04F79EFBC}") = "LiveSupportServer.Infrastructure", "LiveSupportServer.Infrastructure\LiveSupportServer.Infrastructure.csproj", "{B7005A8A-DBB3-4025-8801-8DE262948D8D}"
EndProject
Project("{2150E333-8FDC-42A3-9474-1A3956D46DE8}") = "Solution Items", "Solution Items", "{B3EBF846-DFFD-48FF-AD48-FF96835FCFE6}"
	ProjectSection(SolutionItems) = preProject
		postgres.docker.image.code.txt = postgres.docker.image.code.txt
	EndProjectSection
EndProject
Project("{FAE04EC0-301F-11D3-BF4B-00C04F79EFBC}") = "LiveSupportServer.WebApi", "LiveSupportServer.WebApi\LiveSupportServer.WebApi.csproj", "{88106BC4-6169-45F2-9349-16111E5F716D}"
EndProject
Global
	GlobalSection(SolutionConfigurationPlatforms) = preSolution
		Debug|Any CPU = Debug|Any CPU
		Release|Any CPU = Release|Any CPU
	EndGlobalSection
	GlobalSection(ProjectConfigurationPlatforms) = postSolution
		{05FC6F91-C556-49EA-84F5-006BBB85DA7A}.Debug|Any CPU.ActiveCfg = Debug|Any CPU
		{05FC6F91-C556-49EA-84F5-006BBB85DA7A}.Debug|Any CPU.Build.0 = Debug|Any CPU
		{05FC6F91-C556-49EA-84F5-006BBB85DA7A}.Release|Any CPU.ActiveCfg = Release|Any CPU
		{05FC6F91-C556-49EA-84F5-006BBB85DA7A}.Release|Any CPU.Build.0 = Release|Any CPU
		{5054073D-04EC-41DA-A090-6AB60C010148}.Debug|Any CPU.ActiveCfg = Debug|Any CPU
		{5054073D-04EC-41DA-A090-6AB60C010148}.Debug|Any CPU.Build.0 = Debug|Any CPU
		{5054073D-04EC-41DA-A090-6AB60C010148}.Release|Any CPU.ActiveCfg = Release|Any CPU
		{5054073D-04EC-41DA-A090-6AB60C010148}.Release|Any CPU.Build.0 = Release|Any CPU
		{FD643A00-3762-4BF8-81F3-FD06E640126A}.Debug|Any CPU.ActiveCfg = Debug|Any CPU
		{FD643A00-3762-4BF8-81F3-FD06E640126A}.Debug|Any CPU.Build.0 = Debug|Any CPU
		{FD643A00-3762-4BF8-81F3-FD06E640126A}.Release|Any CPU.ActiveCfg = Release|Any CPU
		{FD643A00-3762-4BF8-81F3-FD06E640126A}.Release|Any CPU.Build.0 = Release|Any CPU
		{B7005A8A-DBB3-4025-8801-8DE262948D8D}.Debug|Any CPU.ActiveCfg = Debug|Any CPU
		{B7005A8A-DBB3-4025-8801-8DE262948D8D}.Debug|Any CPU.Build.0 = Debug|Any CPU
		{B7005A8A-DBB3-4025-8801-8DE262948D8D}.Release|Any CPU.ActiveCfg = Release|Any CPU
		{B7005A8A-DBB3-4025-8801-8DE262948D8D}.Release|Any CPU.Build.0 = Release|Any CPU
		{88106BC4-6169-45F2-9349-16111E5F716D}.Debug|Any CPU.ActiveCfg = Debug|Any CPU
		{88106BC4-6169-45F2-9349-16111E5F716D}.Debug|Any CPU.Build.0 = Debug|Any CPU
		{88106BC4-6169-45F2-9349-16111E5F716D}.Release|Any CPU.ActiveCfg = Release|Any CPU
		{88106BC4-6169-45F2-9349-16111E5F716D}.Release|Any CPU.Build.0 = Release|Any CPU
	EndGlobalSection
	GlobalSection(SolutionProperties) = preSolution
		HideSolutionNode = FALSE
	EndGlobalSection
	GlobalSection(ExtensibilityGlobals) = postSolution
		SolutionGuid = {4978F4E8-43D8-4EAA-B9A2-3800DA9921BC}
	EndGlobalSection
EndGlobal
