
Microsoft Visual Studio Solution File, Format Version 12.00
# Visual Studio Version 17
VisualStudioVersion = 17.8.34309.116
MinimumVisualStudioVersion = 10.0.40219.1
Project("{9A19103F-16F7-4668-BE54-9A1E7A4F7556}") = "RestaurantServer.Domain", "RestaurantServer.Domain\RestaurantServer.Domain.csproj", "{CB4FFCD4-1D23-41D6-B6A9-B8B60D1FFB6E}"
EndProject
Project("{9A19103F-16F7-4668-BE54-9A1E7A4F7556}") = "RestaurantServer.Infrastructure", "RestaurantServer.Infrastructure\RestaurantServer.Infrastructure.csproj", "{57B29D99-33C9-4F55-ACE1-6C4F2A2483BE}"
EndProject
Project("{9A19103F-16F7-4668-BE54-9A1E7A4F7556}") = "RestaurantServer.WebApi", "RestaurantServer.WebApi\RestaurantServer.WebApi.csproj", "{DAAFECC0-88E0-463D-B793-A5728B8682D6}"
EndProject
Project("{9A19103F-16F7-4668-BE54-9A1E7A4F7556}") = "RestaurantServer.Application", "RestaurantServer.Application\RestaurantServer.Application.csproj", "{2352C013-E0B0-4DFF-8D5D-F7D92B0D0702}"
EndProject
Project("{FAE04EC0-301F-11D3-BF4B-00C04F79EFBC}") = "RestaurantServer.BenchMark", "RestaurantServer.BenchMark\RestaurantServer.BenchMark.csproj", "{B4387924-FE5A-4571-B92C-5A386EC57DCE}"
EndProject
Global
	GlobalSection(SolutionConfigurationPlatforms) = preSolution
		Debug|Any CPU = Debug|Any CPU
		Release|Any CPU = Release|Any CPU
	EndGlobalSection
	GlobalSection(ProjectConfigurationPlatforms) = postSolution
		{CB4FFCD4-1D23-41D6-B6A9-B8B60D1FFB6E}.Debug|Any CPU.ActiveCfg = Debug|Any CPU
		{CB4FFCD4-1D23-41D6-B6A9-B8B60D1FFB6E}.Debug|Any CPU.Build.0 = Debug|Any CPU
		{CB4FFCD4-1D23-41D6-B6A9-B8B60D1FFB6E}.Release|Any CPU.ActiveCfg = Release|Any CPU
		{CB4FFCD4-1D23-41D6-B6A9-B8B60D1FFB6E}.Release|Any CPU.Build.0 = Release|Any CPU
		{57B29D99-33C9-4F55-ACE1-6C4F2A2483BE}.Debug|Any CPU.ActiveCfg = Debug|Any CPU
		{57B29D99-33C9-4F55-ACE1-6C4F2A2483BE}.Debug|Any CPU.Build.0 = Debug|Any CPU
		{57B29D99-33C9-4F55-ACE1-6C4F2A2483BE}.Release|Any CPU.ActiveCfg = Release|Any CPU
		{57B29D99-33C9-4F55-ACE1-6C4F2A2483BE}.Release|Any CPU.Build.0 = Release|Any CPU
		{DAAFECC0-88E0-463D-B793-A5728B8682D6}.Debug|Any CPU.ActiveCfg = Debug|Any CPU
		{DAAFECC0-88E0-463D-B793-A5728B8682D6}.Debug|Any CPU.Build.0 = Debug|Any CPU
		{DAAFECC0-88E0-463D-B793-A5728B8682D6}.Release|Any CPU.ActiveCfg = Release|Any CPU
		{DAAFECC0-88E0-463D-B793-A5728B8682D6}.Release|Any CPU.Build.0 = Release|Any CPU
		{2352C013-E0B0-4DFF-8D5D-F7D92B0D0702}.Debug|Any CPU.ActiveCfg = Debug|Any CPU
		{2352C013-E0B0-4DFF-8D5D-F7D92B0D0702}.Debug|Any CPU.Build.0 = Debug|Any CPU
		{2352C013-E0B0-4DFF-8D5D-F7D92B0D0702}.Release|Any CPU.ActiveCfg = Release|Any CPU
		{2352C013-E0B0-4DFF-8D5D-F7D92B0D0702}.Release|Any CPU.Build.0 = Release|Any CPU
		{B4387924-FE5A-4571-B92C-5A386EC57DCE}.Debug|Any CPU.ActiveCfg = Debug|Any CPU
		{B4387924-FE5A-4571-B92C-5A386EC57DCE}.Debug|Any CPU.Build.0 = Debug|Any CPU
		{B4387924-FE5A-4571-B92C-5A386EC57DCE}.Release|Any CPU.ActiveCfg = Release|Any CPU
		{B4387924-FE5A-4571-B92C-5A386EC57DCE}.Release|Any CPU.Build.0 = Release|Any CPU
	EndGlobalSection
	GlobalSection(SolutionProperties) = preSolution
		HideSolutionNode = FALSE
	EndGlobalSection
	GlobalSection(ExtensibilityGlobals) = postSolution
		SolutionGuid = {CBA99118-B016-4D1D-8566-98809ED00BD1}
	EndGlobalSection
EndGlobal
